
Microsoft Visual Studio Solution File, Format Version 12.00
# Visual Studio Version 17
VisualStudioVersion = 17.7.34003.232
MinimumVisualStudioVersion = 10.0.40219.1
Project("{FAE04EC0-301F-11D3-BF4B-00C04F79EFBC}") = "GrpcService1", "GrpcService1\GrpcService1.csproj", "{57E8A530-F19C-4EF9-BB07-2671D1DBCDCF}"
EndProject
Global
	GlobalSection(SolutionConfigurationPlatforms) = preSolution
		Debug|Any CPU = Debug|Any CPU
		Release|Any CPU = Release|Any CPU
	EndGlobalSection
	GlobalSection(ProjectConfigurationPlatforms) = postSolution
		{57E8A530-F19C-4EF9-BB07-2671D1DBCDCF}.Debug|Any CPU.ActiveCfg = Debug|Any CPU
		{57E8A530-F19C-4EF9-BB07-2671D1DBCDCF}.Debug|Any CPU.Build.0 = Debug|Any CPU
		{57E8A530-F19C-4EF9-BB07-2671D1DBCDCF}.Release|Any CPU.ActiveCfg = Release|Any CPU
		{57E8A530-F19C-4EF9-BB07-2671D1DBCDCF}.Release|Any CPU.Build.0 = Release|Any CPU
	EndGlobalSection
	GlobalSection(SolutionProperties) = preSolution
		HideSolutionNode = FALSE
	EndGlobalSection
	GlobalSection(ExtensibilityGlobals) = postSolution
		SolutionGuid = {88E3F4B4-C321-4264-93E4-A4CF691DC5FE}
	EndGlobalSection
EndGlobal
